<?xml version="1.0" encoding="utf-8"?>
<Project ToolsVersion="4.0" xmlns="http://schemas.microsoft.com/developer/msbuild/2003">
  <ItemGroup>
    <Filter Include="Source Files">
      <UniqueIdentifier>{7bedb6fb-ec2f-46e1-b748-e2cec1de8c16}</UniqueIdentifier>
      <Extensions>cpp;c;cxx;rc;def;r;odl;idl;hpj;bat</Extensions>
    </Filter>
    <Filter Include="HLSL effect files">
      <UniqueIdentifier>{f53ddc9c-0f34-41af-a55c-ff669358e4c9}</UniqueIdentifier>
    </Filter>
  </ItemGroup>
  <ItemGroup>
    <ClCompile Include="..\..\src\BumpmapTextureMaker2_LWO2.cpp">
      <Filter>Source Files</Filter>
    </ClCompile>
    <ClCompile Include="..\..\src\BumpmapTextureMaker2_Main.cpp">
      <Filter>Source Files</Filter>
    </ClCompile>
  </ItemGroup>
  <ItemGroup>
    <ClInclude Include="..\..\src\BumpmapTextureMaker2_LWO2.h">
      <Filter>Source Files</Filter>
    </ClInclude>
  </ItemGroup>
</Project>