<?xml version="1.0" encoding="utf-8"?>
<Project ToolsVersion="4.0" xmlns="http://schemas.microsoft.com/developer/msbuild/2003">
  <ItemGroup>
    <Filter Include="Source Files">
      <UniqueIdentifier>{e8cec430-195e-48d5-bc31-1360af4169b9}</UniqueIdentifier>
    </Filter>
    <Filter Include="Source Files\Test">
      <UniqueIdentifier>{26fe64f2-2a80-45f7-b35b-d3ca497193a3}</UniqueIdentifier>
    </Filter>
    <Filter Include="App">
      <UniqueIdentifier>{f940eda8-a710-40c7-9eed-fcd4857b02e0}</UniqueIdentifier>
    </Filter>
    <Filter Include="App\shaders">
      <UniqueIdentifier>{3396352c-2e67-4253-aa44-b4ccd95e0b9e}</UniqueIdentifier>
    </Filter>
  </ItemGroup>
  <ItemGroup>
    <ClCompile Include="..\..\src\ShadowMapTest.cpp">
      <Filter>Source Files</Filter>
    </ClCompile>
    <ClCompile Include="..\..\..\..\_Common\TestMain_Win32.cpp">
      <Filter>Source Files\Test</Filter>
    </ClCompile>
  </ItemGroup>
  <ItemGroup>
    <ClInclude Include="..\..\src\ShadowMapTest.hpp">
      <Filter>Source Files</Filter>
    </ClInclude>
    <ClInclude Include="..\..\..\..\_Common\GraphicsTestBase.hpp">
      <Filter>Source Files\Test</Filter>
    </ClInclude>
  </ItemGroup>
  <ItemGroup>
    <None Include="..\..\app\shaders\PerPixelSingleHSDirectionalLight.fx">
      <Filter>App\shaders</Filter>
    </None>
    <None Include="..\..\app\shaders\PerPixelSingleHSDirectionalLight_PR.fx">
      <Filter>App\shaders</Filter>
    </None>
    <None Include="..\..\app\shaders\PerPixelSingleHSDirectionalLight_PR_PT.fx">
      <Filter>App\shaders</Filter>
    </None>
    <None Include="..\..\app\shaders\ShadowMapTest.fx">
      <Filter>App\shaders</Filter>
    </None>
    <None Include="..\..\app\shaders\TexDef.fxh">
      <Filter>App\shaders</Filter>
    </None>
  </ItemGroup>
</Project>