<?xml version="1.0" encoding="utf-8"?>
<Project ToolsVersion="4.0" xmlns="http://schemas.microsoft.com/developer/msbuild/2003">
  <ItemGroup>
    <Filter Include="Source Files">
      <UniqueIdentifier>{0caca87b-9ede-4585-8fff-487bcacef3e7}</UniqueIdentifier>
    </Filter>
    <Filter Include="Source Files\Common">
      <UniqueIdentifier>{b7302d56-f5a6-4b58-952d-9ac1605e15ab}</UniqueIdentifier>
    </Filter>
    <Filter Include="HLSL Effect Files">
      <UniqueIdentifier>{3f76d706-d9f6-48c2-a261-86ed54fc9b35}</UniqueIdentifier>
    </Filter>
  </ItemGroup>
  <ItemGroup>
    <ClCompile Include="..\..\src\PrimitiveShapeMeshesTest.cpp">
      <Filter>Source Files</Filter>
    </ClCompile>
    <ClCompile Include="..\..\..\..\_Common\TestMain_Win32.cpp">
      <Filter>Source Files\Common</Filter>
    </ClCompile>
  </ItemGroup>
  <ItemGroup>
    <ClInclude Include="..\..\src\PrimitiveShapeMeshesTest.hpp">
      <Filter>Source Files</Filter>
    </ClInclude>
    <ClInclude Include="..\..\..\..\_Common\GraphicsTestBase.hpp">
      <Filter>Source Files\Common</Filter>
    </ClInclude>
    <ClInclude Include="..\..\..\..\_Common\KeyState.hpp">
      <Filter>Source Files\Common</Filter>
    </ClInclude>
    <ClInclude Include="..\..\..\..\_Common\KeyState_Win32.hpp">
      <Filter>Source Files\Common</Filter>
    </ClInclude>
  </ItemGroup>
  <ItemGroup>
    <None Include="..\..\app\shaders\PrimitiveShapeMeshesTest.fx">
      <Filter>HLSL Effect Files</Filter>
    </None>
  </ItemGroup>
</Project>