
Microsoft Visual Studio Solution File, Format Version 11.00
# Visual C++ Express 2010
Project("{8BC9CEB8-8B4A-11D0-8D11-00A0C91BC942}") = "HelixPolygonModelTest", "HelixPolygonModelTest.vcxproj", "{EDFCFEFB-6AF3-49E7-A170-7C91C16A1E7F}"
EndProject
Global
	GlobalSection(SolutionConfigurationPlatforms) = preSolution
		Debug|Win32 = Debug|Win32
		Release|Win32 = Release|Win32
	EndGlobalSection
	GlobalSection(ProjectConfigurationPlatforms) = postSolution
		{EDFCFEFB-6AF3-49E7-A170-7C91C16A1E7F}.Debug|Win32.ActiveCfg = Debug|Win32
		{EDFCFEFB-6AF3-49E7-A170-7C91C16A1E7F}.Debug|Win32.Build.0 = Debug|Win32
		{EDFCFEFB-6AF3-49E7-A170-7C91C16A1E7F}.Release|Win32.ActiveCfg = Release|Win32
		{EDFCFEFB-6AF3-49E7-A170-7C91C16A1E7F}.Release|Win32.Build.0 = Release|Win32
	EndGlobalSection
	GlobalSection(SolutionProperties) = preSolution
		HideSolutionNode = FALSE
	EndGlobalSection
EndGlobal
