<?xml version="1.0" encoding="utf-8"?>
<Project ToolsVersion="4.0" xmlns="http://schemas.microsoft.com/developer/msbuild/2003">
  <ItemGroup>
    <Filter Include="Source Files">
      <UniqueIdentifier>{d4cc3675-74f6-4aaf-a656-91d234730385}</UniqueIdentifier>
    </Filter>
    <Filter Include="AppMain">
      <UniqueIdentifier>{ec9e91cd-dbfa-4d1a-865f-5ab2804ebe35}</UniqueIdentifier>
    </Filter>
  </ItemGroup>
  <ItemGroup>
    <ClCompile Include="..\..\src\MeshViewer.cpp">
      <Filter>Source Files</Filter>
    </ClCompile>
    <ClCompile Include="..\..\..\..\Project1\amorphous\App\AppMain.cpp">
      <Filter>AppMain</Filter>
    </ClCompile>
  </ItemGroup>
  <ItemGroup>
    <ClInclude Include="..\..\src\MeshViewer.hpp">
      <Filter>Source Files</Filter>
    </ClInclude>
  </ItemGroup>
</Project>