<?xml version="1.0" encoding="utf-8"?>
<Project ToolsVersion="4.0" xmlns="http://schemas.microsoft.com/developer/msbuild/2003">
  <ItemGroup>
    <Filter Include="Source Files">
      <UniqueIdentifier>{f8fd97ec-6ee1-414d-8da4-4f6396955a2d}</UniqueIdentifier>
    </Filter>
    <Filter Include="Source Files\Common">
      <UniqueIdentifier>{4c1ef0ab-2457-4234-8667-06a06d37d8fe}</UniqueIdentifier>
    </Filter>
    <Filter Include="Shaders">
      <UniqueIdentifier>{356a88b3-2d9f-4623-8c1e-f20f5532c059}</UniqueIdentifier>
    </Filter>
    <Filter Include="Shaders\www.lighthouse3d.com">
      <UniqueIdentifier>{3c1c7e08-da72-4291-978f-d4812462030a}</UniqueIdentifier>
    </Filter>
  </ItemGroup>
  <ItemGroup>
    <ClCompile Include="..\..\src\GLSLTest.cpp">
      <Filter>Source Files</Filter>
    </ClCompile>
    <ClCompile Include="..\..\..\..\_Common\TestMain_Win32.cpp">
      <Filter>Source Files\Common</Filter>
    </ClCompile>
  </ItemGroup>
  <ItemGroup>
    <ClInclude Include="..\..\src\GLSLTest.hpp">
      <Filter>Source Files</Filter>
    </ClInclude>
    <ClInclude Include="..\..\..\..\_Common\GraphicsTestBase.hpp">
      <Filter>Source Files\Common</Filter>
    </ClInclude>
    <ClInclude Include="..\..\..\..\_Common\KeyState.hpp">
      <Filter>Source Files\Common</Filter>
    </ClInclude>
    <ClInclude Include="..\..\..\..\_Common\KeyState_Win32.hpp">
      <Filter>Source Files\Common</Filter>
    </ClInclude>
  </ItemGroup>
  <ItemGroup>
    <None Include="..\..\app\shaders\www.lighthouse3d.com\dirLightAmbDiffSpecPix.frag">
      <Filter>Shaders\www.lighthouse3d.com</Filter>
    </None>
    <None Include="..\..\app\shaders\www.lighthouse3d.com\dirLightAmbDiffSpecPix.vert">
      <Filter>Shaders\www.lighthouse3d.com</Filter>
    </None>
    <None Include="..\..\app\shaders\www.lighthouse3d.com\pointlight.frag">
      <Filter>Shaders\www.lighthouse3d.com</Filter>
    </None>
    <None Include="..\..\app\shaders\www.lighthouse3d.com\pointlight.vert">
      <Filter>Shaders\www.lighthouse3d.com</Filter>
    </None>
    <None Include="..\..\app\config" />
  </ItemGroup>
</Project>