<?xml version="1.0" encoding="utf-8"?>
<Project ToolsVersion="4.0" xmlns="http://schemas.microsoft.com/developer/msbuild/2003">
  <ItemGroup>
    <Filter Include="Source Files">
      <UniqueIdentifier>{22bbaa9b-8199-4f36-ba74-65382d94f75e}</UniqueIdentifier>
    </Filter>
    <Filter Include="Source Files\Support">
      <UniqueIdentifier>{e9ec68e0-b627-4f3e-9708-aea2b927d53a}</UniqueIdentifier>
    </Filter>
  </ItemGroup>
  <ItemGroup>
    <ClCompile Include="fixed_string_test.cpp">
      <Filter>Source Files</Filter>
    </ClCompile>
    <ClCompile Include="..\..\..\Project1\amorphous\Support\Timer_Win32.cpp">
      <Filter>Source Files\Support</Filter>
    </ClCompile>
  </ItemGroup>
  <ItemGroup>
    <ClInclude Include="..\..\..\Project1\amorphous\Support\Timer.hpp">
      <Filter>Source Files\Support</Filter>
    </ClInclude>
    <ClInclude Include="..\..\..\Project1\amorphous\Support\Timer_Win32.hpp">
      <Filter>Source Files\Support</Filter>
    </ClInclude>
  </ItemGroup>
</Project>