Microsoft Visual Studio Solution File, Format Version 8.00
Project("{8BC9CEB8-8B4A-11D0-8D11-00A0C91BC942}") = "BSPStageBase_VC7", "BSPStageBase_VC7.vcproj", "{EC8BCCDC-6BFD-4FC1-9A26-9610B3EC366F}"
	ProjectSection(ProjectDependencies) = postProject
		{DDA004DF-3984-44D4-A0EB-AE3556FC23DC} = {DDA004DF-3984-44D4-A0EB-AE3556FC23DC}
	EndProjectSection
EndProject
Project("{8BC9CEB8-8B4A-11D0-8D11-00A0C91BC942}") = "GameStageFramework", "..\GameStageFramework\GameStageFramework.vcproj", "{DDA004DF-3984-44D4-A0EB-AE3556FC23DC}"
	ProjectSection(ProjectDependencies) = postProject
		{ADE7FA7E-4B8C-40E0-924E-D4D2140E8975} = {ADE7FA7E-4B8C-40E0-924E-D4D2140E8975}
	EndProjectSection
EndProject
Project("{8BC9CEB8-8B4A-11D0-8D11-00A0C91BC942}") = "yaneSDK", "..\..\..\SDK\yaneSDK3rd0307161139\yaneSDK\ProjectFiles\MSVC7.1\yaneSDK.vcproj", "{ADE7FA7E-4B8C-40E0-924E-D4D2140E8975}"
	ProjectSection(ProjectDependencies) = postProject
	EndProjectSection
EndProject
Global
	GlobalSection(SolutionConfiguration) = preSolution
		Debug = Debug
		Release = Release
	EndGlobalSection
	GlobalSection(ProjectDependencies) = postSolution
	EndGlobalSection
	GlobalSection(ProjectConfiguration) = postSolution
		{EC8BCCDC-6BFD-4FC1-9A26-9610B3EC366F}.Debug.ActiveCfg = Debug|Win32
		{EC8BCCDC-6BFD-4FC1-9A26-9610B3EC366F}.Debug.Build.0 = Debug|Win32
		{EC8BCCDC-6BFD-4FC1-9A26-9610B3EC366F}.Release.ActiveCfg = Release|Win32
		{EC8BCCDC-6BFD-4FC1-9A26-9610B3EC366F}.Release.Build.0 = Release|Win32
		{DDA004DF-3984-44D4-A0EB-AE3556FC23DC}.Debug.ActiveCfg = Debug|Win32
		{DDA004DF-3984-44D4-A0EB-AE3556FC23DC}.Debug.Build.0 = Debug|Win32
		{DDA004DF-3984-44D4-A0EB-AE3556FC23DC}.Release.ActiveCfg = Release|Win32
		{DDA004DF-3984-44D4-A0EB-AE3556FC23DC}.Release.Build.0 = Release|Win32
		{ADE7FA7E-4B8C-40E0-924E-D4D2140E8975}.Debug.ActiveCfg = Debug|Win32
		{ADE7FA7E-4B8C-40E0-924E-D4D2140E8975}.Debug.Build.0 = Debug|Win32
		{ADE7FA7E-4B8C-40E0-924E-D4D2140E8975}.Release.ActiveCfg = Release|Win32
		{ADE7FA7E-4B8C-40E0-924E-D4D2140E8975}.Release.Build.0 = Release|Win32
	EndGlobalSection
	GlobalSection(ExtensibilityGlobals) = postSolution
	EndGlobalSection
	GlobalSection(ExtensibilityAddIns) = postSolution
	EndGlobalSection
EndGlobal
