<?xml version="1.0" encoding="utf-8"?>
<Project ToolsVersion="4.0" xmlns="http://schemas.microsoft.com/developer/msbuild/2003">
  <ItemGroup>
    <Filter Include="Source Files">
      <UniqueIdentifier>{abff7f12-6070-4311-852a-9878f46ce3ba}</UniqueIdentifier>
    </Filter>
    <Filter Include="Source Files\Common">
      <UniqueIdentifier>{02a093ad-a936-4ae3-a39b-7b39c9d3871c}</UniqueIdentifier>
    </Filter>
  </ItemGroup>
  <ItemGroup>
    <ClCompile Include="..\..\src\MultibyteFontTest.cpp">
      <Filter>Source Files</Filter>
    </ClCompile>
    <ClCompile Include="..\..\..\..\_Common\TestMain_Win32.cpp">
      <Filter>Source Files\Common</Filter>
    </ClCompile>
  </ItemGroup>
  <ItemGroup>
    <ClInclude Include="..\..\src\MultibyteFontTest.hpp">
      <Filter>Source Files</Filter>
    </ClInclude>
    <ClInclude Include="..\..\..\..\_Common\GraphicsTestBase.hpp">
      <Filter>Source Files\Common</Filter>
    </ClInclude>
    <ClInclude Include="..\..\..\..\_Common\KeyState.hpp">
      <Filter>Source Files\Common</Filter>
    </ClInclude>
    <ClInclude Include="..\..\..\..\_Common\KeyState_Win32.hpp">
      <Filter>Source Files\Common</Filter>
    </ClInclude>
  </ItemGroup>
</Project>