
Microsoft Visual Studio Solution File, Format Version 11.00
# Visual C++ Express 2010
Project("{8BC9CEB8-8B4A-11D0-8D11-00A0C91BC942}") = "EmbeddedImageSourceGenerator", "EmbeddedImageSourceGenerator.vcxproj", "{6C18D08C-2E5E-4426-AEF7-53DA83274CE6}"
EndProject
Global
	GlobalSection(SolutionConfigurationPlatforms) = preSolution
		Debug|Win32 = Debug|Win32
		Release|Win32 = Release|Win32
	EndGlobalSection
	GlobalSection(ProjectConfigurationPlatforms) = postSolution
		{6C18D08C-2E5E-4426-AEF7-53DA83274CE6}.Debug|Win32.ActiveCfg = Debug|Win32
		{6C18D08C-2E5E-4426-AEF7-53DA83274CE6}.Debug|Win32.Build.0 = Debug|Win32
		{6C18D08C-2E5E-4426-AEF7-53DA83274CE6}.Release|Win32.ActiveCfg = Release|Win32
		{6C18D08C-2E5E-4426-AEF7-53DA83274CE6}.Release|Win32.Build.0 = Release|Win32
	EndGlobalSection
	GlobalSection(SolutionProperties) = preSolution
		HideSolutionNode = FALSE
	EndGlobalSection
EndGlobal
